// !$*UTF8*$!
{
	archiveVersion = 1;
	classes = {
	};
	objectVersion = 77;
	objects = {

/* Begin PBXBuildFile section */
		2128BAB72D1711C9009069BA /* HomeView.swift in Sources */ = {isa = PBXBuildFile; fileRef = 2128BAB62D1711C9009069BA /* HomeView.swift */; };
		2128BABB2D1712AB009069BA /* CircleButtonView.swift in Sources */ = {isa = PBXBuildFile; fileRef = 2128BABA2D1712AB009069BA /* CircleButtonView.swift */; };
		2128BABD2D17158F009069BA /* CircleButtonAnimationView.swift in Sources */ = {isa = PBXBuildFile; fileRef = 2128BABC2D17158F009069BA /* CircleButtonAnimationView.swift */; };
		2128BAC32D17213B009069BA /* CoinRowView.swift in Sources */ = {isa = PBXBuildFile; fileRef = 2128BAC22D17213B009069BA /* CoinRowView.swift */; };
		2128BAD82D173003009069BA /* HomeViewModel.swift in Sources */ = {isa = PBXBuildFile; fileRef = 2128BAD72D173003009069BA /* HomeViewModel.swift */; };
		2128BAE02D173E44009069BA /* NetworkingManager.swift in Sources */ = {isa = PBXBuildFile; fileRef = 2128BADF2D173E44009069BA /* NetworkingManager.swift */; };
		2128BAE32D174515009069BA /* CoinImageView.swift in Sources */ = {isa = PBXBuildFile; fileRef = 2128BAE22D174515009069BA /* CoinImageView.swift */; };
		2128BAE52D17461F009069BA /* CoinImageService.swift in Sources */ = {isa = PBXBuildFile; fileRef = 2128BAE42D17461F009069BA /* CoinImageService.swift */; };
		2128BAE72D174774009069BA /* CoinImageViewModel.swift in Sources */ = {isa = PBXBuildFile; fileRef = 2128BAE62D174774009069BA /* CoinImageViewModel.swift */; };
		2128BAE92D174C81009069BA /* LocalFileManager.swift in Sources */ = {isa = PBXBuildFile; fileRef = 2128BAE82D174C81009069BA /* LocalFileManager.swift */; };
		2128BAFF2D176577009069BA /* SearchBarView.swift in Sources */ = {isa = PBXBuildFile; fileRef = 2128BAFE2D176577009069BA /* SearchBarView.swift */; };
		2128BB052D180495009069BA /* StatisticView.swift in Sources */ = {isa = PBXBuildFile; fileRef = 2128BB042D180495009069BA /* StatisticView.swift */; };
		2128BB072D180763009069BA /* HomeStatsView.swift in Sources */ = {isa = PBXBuildFile; fileRef = 2128BB062D180763009069BA /* HomeStatsView.swift */; };
/* End PBXBuildFile section */

/* Begin PBXFileReference section */
		2128BA9C2D1708F7009069BA /* CryptoApp.app */ = {isa = PBXFileReference; explicitFileType = wrapper.application; includeInIndex = 0; path = CryptoApp.app; sourceTree = BUILT_PRODUCTS_DIR; };
		2128BAB62D1711C9009069BA /* HomeView.swift */ = {isa = PBXFileReference; lastKnownFileType = sourcecode.swift; path = HomeView.swift; sourceTree = "<group>"; };
		2128BABA2D1712AB009069BA /* CircleButtonView.swift */ = {isa = PBXFileReference; lastKnownFileType = sourcecode.swift; path = CircleButtonView.swift; sourceTree = "<group>"; };
		2128BABC2D17158F009069BA /* CircleButtonAnimationView.swift */ = {isa = PBXFileReference; lastKnownFileType = sourcecode.swift; path = CircleButtonAnimationView.swift; sourceTree = "<group>"; };
		2128BAC22D17213B009069BA /* CoinRowView.swift */ = {isa = PBXFileReference; lastKnownFileType = sourcecode.swift; path = CoinRowView.swift; sourceTree = "<group>"; };
		2128BAD72D173003009069BA /* HomeViewModel.swift */ = {isa = PBXFileReference; lastKnownFileType = sourcecode.swift; path = HomeViewModel.swift; sourceTree = "<group>"; };
		2128BADF2D173E44009069BA /* NetworkingManager.swift */ = {isa = PBXFileReference; lastKnownFileType = sourcecode.swift; path = NetworkingManager.swift; sourceTree = "<group>"; };
		2128BAE22D174515009069BA /* CoinImageView.swift */ = {isa = PBXFileReference; lastKnownFileType = sourcecode.swift; path = CoinImageView.swift; sourceTree = "<group>"; };
		2128BAE42D17461F009069BA /* CoinImageService.swift */ = {isa = PBXFileReference; lastKnownFileType = sourcecode.swift; path = CoinImageService.swift; sourceTree = "<group>"; };
		2128BAE62D174774009069BA /* CoinImageViewModel.swift */ = {isa = PBXFileReference; lastKnownFileType = sourcecode.swift; path = CoinImageViewModel.swift; sourceTree = "<group>"; };
		2128BAE82D174C81009069BA /* LocalFileManager.swift */ = {isa = PBXFileReference; lastKnownFileType = sourcecode.swift; path = LocalFileManager.swift; sourceTree = "<group>"; };
		2128BAFE2D176577009069BA /* SearchBarView.swift */ = {isa = PBXFileReference; lastKnownFileType = sourcecode.swift; path = SearchBarView.swift; sourceTree = "<group>"; };
		2128BB042D180495009069BA /* StatisticView.swift */ = {isa = PBXFileReference; lastKnownFileType = sourcecode.swift; path = StatisticView.swift; sourceTree = "<group>"; };
		2128BB062D180763009069BA /* HomeStatsView.swift */ = {isa = PBXFileReference; lastKnownFileType = sourcecode.swift; path = HomeStatsView.swift; sourceTree = "<group>"; };
/* End PBXFileReference section */

/* Begin PBXFileSystemSynchronizedRootGroup section */
		2128BA9E2D1708F7009069BA /* CryptoApp */ = {
			isa = PBXFileSystemSynchronizedRootGroup;
			path = CryptoApp;
			sourceTree = "<group>";
		};
/* End PBXFileSystemSynchronizedRootGroup section */

/* Begin PBXFrameworksBuildPhase section */
		2128BA992D1708F7009069BA /* Frameworks */ = {
			isa = PBXFrameworksBuildPhase;
			buildActionMask = 2147483647;
			files = (
			);
			runOnlyForDeploymentPostprocessing = 0;
		};
/* End PBXFrameworksBuildPhase section */

/* Begin PBXGroup section */
		2128BA932D1708F7009069BA = {
			isa = PBXGroup;
			children = (
				2128BA9E2D1708F7009069BA /* CryptoApp */,
				2128BA9D2D1708F7009069BA /* Products */,
				2128BAB22D171194009069BA /* core */,
				2128BADE2D173E1D009069BA /* Utilities */,
			);
			sourceTree = "<group>";
		};
		2128BA9D2D1708F7009069BA /* Products */ = {
			isa = PBXGroup;
			children = (
				2128BA9C2D1708F7009069BA /* CryptoApp.app */,
			);
			name = Products;
			sourceTree = "<group>";
		};
		2128BAB22D171194009069BA /* core */ = {
			isa = PBXGroup;
			children = (
				2128BAB82D171283009069BA /* Components */,
				2128BAB32D17119E009069BA /* Home */,
			);
			path = core;
			sourceTree = "<group>";
		};
		2128BAB32D17119E009069BA /* Home */ = {
			isa = PBXGroup;
			children = (
				2128BAB52D1711B2009069BA /* ViewModels */,
				2128BAB42D1711AB009069BA /* Views */,
			);
			path = Home;
			sourceTree = "<group>";
		};
		2128BAB42D1711AB009069BA /* Views */ = {
			isa = PBXGroup;
			children = (
				2128BAB62D1711C9009069BA /* HomeView.swift */,
				2128BAC22D17213B009069BA /* CoinRowView.swift */,
				2128BB062D180763009069BA /* HomeStatsView.swift */,
			);
			path = Views;
			sourceTree = "<group>";
		};
		2128BAB52D1711B2009069BA /* ViewModels */ = {
			isa = PBXGroup;
			children = (
				2128BAD72D173003009069BA /* HomeViewModel.swift */,
			);
			path = ViewModels;
			sourceTree = "<group>";
		};
		2128BAB82D171283009069BA /* Components */ = {
			isa = PBXGroup;
			children = (
				2128BAE12D174500009069BA /* CoinImage */,
				2128BAB92D17129A009069BA /* CircleButton */,
				2128BAFE2D176577009069BA /* SearchBarView.swift */,
				2128BB042D180495009069BA /* StatisticView.swift */,
			);
			path = Components;
			sourceTree = "<group>";
		};
		2128BAB92D17129A009069BA /* CircleButton */ = {
			isa = PBXGroup;
			children = (
				2128BABA2D1712AB009069BA /* CircleButtonView.swift */,
				2128BABC2D17158F009069BA /* CircleButtonAnimationView.swift */,
			);
			path = CircleButton;
			sourceTree = "<group>";
		};
		2128BADE2D173E1D009069BA /* Utilities */ = {
			isa = PBXGroup;
			children = (
				2128BADF2D173E44009069BA /* NetworkingManager.swift */,
				2128BAE82D174C81009069BA /* LocalFileManager.swift */,
			);
			path = Utilities;
			sourceTree = "<group>";
		};
		2128BAE12D174500009069BA /* CoinImage */ = {
			isa = PBXGroup;
			children = (
				2128BAE22D174515009069BA /* CoinImageView.swift */,
				2128BAE42D17461F009069BA /* CoinImageService.swift */,
				2128BAE62D174774009069BA /* CoinImageViewModel.swift */,
			);
			path = CoinImage;
			sourceTree = "<group>";
		};
/* End PBXGroup section */

/* Begin PBXNativeTarget section */
		2128BA9B2D1708F7009069BA /* CryptoApp */ = {
			isa = PBXNativeTarget;
			buildConfigurationList = 2128BAAA2D1708F8009069BA /* Build configuration list for PBXNativeTarget "CryptoApp" */;
			buildPhases = (
				2128BA982D1708F7009069BA /* Sources */,
				2128BA992D1708F7009069BA /* Frameworks */,
				2128BA9A2D1708F7009069BA /* Resources */,
			);
			buildRules = (
			);
			dependencies = (
			);
			fileSystemSynchronizedGroups = (
				2128BA9E2D1708F7009069BA /* CryptoApp */,
			);
			name = CryptoApp;
			packageProductDependencies = (
			);
			productName = CryptoApp;
			productReference = 2128BA9C2D1708F7009069BA /* CryptoApp.app */;
			productType = "com.apple.product-type.application";
		};
/* End PBXNativeTarget section */

/* Begin PBXProject section */
		2128BA942D1708F7009069BA /* Project object */ = {
			isa = PBXProject;
			attributes = {
				BuildIndependentTargetsInParallel = 1;
				LastSwiftUpdateCheck = 1610;
				LastUpgradeCheck = 1610;
				TargetAttributes = {
					2128BA9B2D1708F7009069BA = {
						CreatedOnToolsVersion = 16.1;
					};
				};
			};
			buildConfigurationList = 2128BA972D1708F7009069BA /* Build configuration list for PBXProject "CryptoApp" */;
			developmentRegion = en;
			hasScannedForEncodings = 0;
			knownRegions = (
				en,
				Base,
			);
			mainGroup = 2128BA932D1708F7009069BA;
			minimizedProjectReferenceProxies = 1;
			preferredProjectObjectVersion = 77;
			productRefGroup = 2128BA9D2D1708F7009069BA /* Products */;
			projectDirPath = "";
			projectRoot = "";
			targets = (
				2128BA9B2D1708F7009069BA /* CryptoApp */,
			);
		};
/* End PBXProject section */

/* Begin PBXResourcesBuildPhase section */
		2128BA9A2D1708F7009069BA /* Resources */ = {
			isa = PBXResourcesBuildPhase;
			buildActionMask = 2147483647;
			files = (
			);
			runOnlyForDeploymentPostprocessing = 0;
		};
/* End PBXResourcesBuildPhase section */

/* Begin PBXSourcesBuildPhase section */
		2128BA982D1708F7009069BA /* Sources */ = {
			isa = PBXSourcesBuildPhase;
			buildActionMask = 2147483647;
			files = (
				2128BB052D180495009069BA /* StatisticView.swift in Sources */,
				2128BAE72D174774009069BA /* CoinImageViewModel.swift in Sources */,
				2128BAE32D174515009069BA /* CoinImageView.swift in Sources */,
				2128BAB72D1711C9009069BA /* HomeView.swift in Sources */,
				2128BAD82D173003009069BA /* HomeViewModel.swift in Sources */,
				2128BAE92D174C81009069BA /* LocalFileManager.swift in Sources */,
				2128BABD2D17158F009069BA /* CircleButtonAnimationView.swift in Sources */,
				2128BB072D180763009069BA /* HomeStatsView.swift in Sources */,
				2128BABB2D1712AB009069BA /* CircleButtonView.swift in Sources */,
				2128BAE02D173E44009069BA /* NetworkingManager.swift in Sources */,
				2128BAC32D17213B009069BA /* CoinRowView.swift in Sources */,
				2128BAFF2D176577009069BA /* SearchBarView.swift in Sources */,
				2128BAE52D17461F009069BA /* CoinImageService.swift in Sources */,
			);
			runOnlyForDeploymentPostprocessing = 0;
		};
/* End PBXSourcesBuildPhase section */

/* Begin XCBuildConfiguration section */
		2128BAA82D1708F8009069BA /* Debug */ = {
			isa = XCBuildConfiguration;
			buildSettings = {
				ALWAYS_SEARCH_USER_PATHS = NO;
				ASSETCATALOG_COMPILER_GENERATE_SWIFT_ASSET_SYMBOL_EXTENSIONS = YES;
				CLANG_ANALYZER_NONNULL = YES;
				CLANG_ANALYZER_NUMBER_OBJECT_CONVERSION = YES_AGGRESSIVE;
				CLANG_CXX_LANGUAGE_STANDARD = "gnu++20";
				CLANG_ENABLE_MODULES = YES;
				CLANG_ENABLE_OBJC_ARC = YES;
				CLANG_ENABLE_OBJC_WEAK = YES;
				CLANG_WARN_BLOCK_CAPTURE_AUTORELEASING = YES;
				CLANG_WARN_BOOL_CONVERSION = YES;
				CLANG_WARN_COMMA = YES;
				CLANG_WARN_CONSTANT_CONVERSION = YES;
				CLANG_WARN_DEPRECATED_OBJC_IMPLEMENTATIONS = YES;
				CLANG_WARN_DIRECT_OBJC_ISA_USAGE = YES_ERROR;
				CLANG_WARN_DOCUMENTATION_COMMENTS = YES;
				CLANG_WARN_EMPTY_BODY = YES;
				CLANG_WARN_ENUM_CONVERSION = YES;
				CLANG_WARN_INFINITE_RECURSION = YES;
				CLANG_WARN_INT_CONVERSION = YES;
				CLANG_WARN_NON_LITERAL_NULL_CONVERSION = YES;
				CLANG_WARN_OBJC_IMPLICIT_RETAIN_SELF = YES;
				CLANG_WARN_OBJC_LITERAL_CONVERSION = YES;
				CLANG_WARN_OBJC_ROOT_CLASS = YES_ERROR;
				CLANG_WARN_QUOTED_INCLUDE_IN_FRAMEWORK_HEADER = YES;
				CLANG_WARN_RANGE_LOOP_ANALYSIS = YES;
				CLANG_WARN_STRICT_PROTOTYPES = YES;
				CLANG_WARN_SUSPICIOUS_MOVE = YES;
				CLANG_WARN_UNGUARDED_AVAILABILITY = YES_AGGRESSIVE;
				CLANG_WARN_UNREACHABLE_CODE = YES;
				CLANG_WARN__DUPLICATE_METHOD_MATCH = YES;
				COPY_PHASE_STRIP = NO;
				DEBUG_INFORMATION_FORMAT = dwarf;
				ENABLE_STRICT_OBJC_MSGSEND = YES;
				ENABLE_TESTABILITY = YES;
				ENABLE_USER_SCRIPT_SANDBOXING = YES;
				GCC_C_LANGUAGE_STANDARD = gnu17;
				GCC_DYNAMIC_NO_PIC = NO;
				GCC_NO_COMMON_BLOCKS = YES;
				GCC_OPTIMIZATION_LEVEL = 0;
				GCC_PREPROCESSOR_DEFINITIONS = (
					"DEBUG=1",
					"$(inherited)",
				);
				GCC_WARN_64_TO_32_BIT_CONVERSION = YES;
				GCC_WARN_ABOUT_RETURN_TYPE = YES_ERROR;
				GCC_WARN_UNDECLARED_SELECTOR = YES;
				GCC_WARN_UNINITIALIZED_AUTOS = YES_AGGRESSIVE;
				GCC_WARN_UNUSED_FUNCTION = YES;
				GCC_WARN_UNUSED_VARIABLE = YES;
				IPHONEOS_DEPLOYMENT_TARGET = 18.1;
				LOCALIZATION_PREFERS_STRING_CATALOGS = YES;
				MTL_ENABLE_DEBUG_INFO = INCLUDE_SOURCE;
				MTL_FAST_MATH = YES;
				ONLY_ACTIVE_ARCH = YES;
				SDKROOT = iphoneos;
				SWIFT_ACTIVE_COMPILATION_CONDITIONS = "DEBUG $(inherited)";
				SWIFT_OPTIMIZATION_LEVEL = "-Onone";
			};
			name = Debug;
		};
		2128BAA92D1708F8009069BA /* Release */ = {
			isa = XCBuildConfiguration;
			buildSettings = {
				ALWAYS_SEARCH_USER_PATHS = NO;
				ASSETCATALOG_COMPILER_GENERATE_SWIFT_ASSET_SYMBOL_EXTENSIONS = YES;
				CLANG_ANALYZER_NONNULL = YES;
				CLANG_ANALYZER_NUMBER_OBJECT_CONVERSION = YES_AGGRESSIVE;
				CLANG_CXX_LANGUAGE_STANDARD = "gnu++20";
				CLANG_ENABLE_MODULES = YES;
				CLANG_ENABLE_OBJC_ARC = YES;
				CLANG_ENABLE_OBJC_WEAK = YES;
				CLANG_WARN_BLOCK_CAPTURE_AUTORELEASING = YES;
				CLANG_WARN_BOOL_CONVERSION = YES;
				CLANG_WARN_COMMA = YES;
				CLANG_WARN_CONSTANT_CONVERSION = YES;
				CLANG_WARN_DEPRECATED_OBJC_IMPLEMENTATIONS = YES;
				CLANG_WARN_DIRECT_OBJC_ISA_USAGE = YES_ERROR;
				CLANG_WARN_DOCUMENTATION_COMMENTS = YES;
				CLANG_WARN_EMPTY_BODY = YES;
				CLANG_WARN_ENUM_CONVERSION = YES;
				CLANG_WARN_INFINITE_RECURSION = YES;
				CLANG_WARN_INT_CONVERSION = YES;
				CLANG_WARN_NON_LITERAL_NULL_CONVERSION = YES;
				CLANG_WARN_OBJC_IMPLICIT_RETAIN_SELF = YES;
				CLANG_WARN_OBJC_LITERAL_CONVERSION = YES;
				CLANG_WARN_OBJC_ROOT_CLASS = YES_ERROR;
				CLANG_WARN_QUOTED_INCLUDE_IN_FRAMEWORK_HEADER = YES;
				CLANG_WARN_RANGE_LOOP_ANALYSIS = YES;
				CLANG_WARN_STRICT_PROTOTYPES = YES;
				CLANG_WARN_SUSPICIOUS_MOVE = YES;
				CLANG_WARN_UNGUARDED_AVAILABILITY = YES_AGGRESSIVE;
				CLANG_WARN_UNREACHABLE_CODE = YES;
				CLANG_WARN__DUPLICATE_METHOD_MATCH = YES;
				COPY_PHASE_STRIP = NO;
				DEBUG_INFORMATION_FORMAT = "dwarf-with-dsym";
				ENABLE_NS_ASSERTIONS = NO;
				ENABLE_STRICT_OBJC_MSGSEND = YES;
				ENABLE_USER_SCRIPT_SANDBOXING = YES;
				GCC_C_LANGUAGE_STANDARD = gnu17;
				GCC_NO_COMMON_BLOCKS = YES;
				GCC_WARN_64_TO_32_BIT_CONVERSION = YES;
				GCC_WARN_ABOUT_RETURN_TYPE = YES_ERROR;
				GCC_WARN_UNDECLARED_SELECTOR = YES;
				GCC_WARN_UNINITIALIZED_AUTOS = YES_AGGRESSIVE;
				GCC_WARN_UNUSED_FUNCTION = YES;
				GCC_WARN_UNUSED_VARIABLE = YES;
				IPHONEOS_DEPLOYMENT_TARGET = 18.1;
				LOCALIZATION_PREFERS_STRING_CATALOGS = YES;
				MTL_ENABLE_DEBUG_INFO = NO;
				MTL_FAST_MATH = YES;
				SDKROOT = iphoneos;
				SWIFT_COMPILATION_MODE = wholemodule;
				VALIDATE_PRODUCT = YES;
			};
			name = Release;
		};
		2128BAAB2D1708F8009069BA /* Debug */ = {
			isa = XCBuildConfiguration;
			buildSettings = {
				ASSETCATALOG_COMPILER_APPICON_NAME = AppIcon;
				ASSETCATALOG_COMPILER_GLOBAL_ACCENT_COLOR_NAME = AccentColor;
				CODE_SIGN_STYLE = Automatic;
				CURRENT_PROJECT_VERSION = 1;
				DEVELOPMENT_ASSET_PATHS = "\"CryptoApp/Preview Content\"";
				DEVELOPMENT_TEAM = J54CSRSNTY;
				ENABLE_PREVIEWS = YES;
				GENERATE_INFOPLIST_FILE = YES;
				INFOPLIST_KEY_CFBundleDisplayName = "Crypto tracker";
				INFOPLIST_KEY_UIApplicationSceneManifest_Generation = YES;
				INFOPLIST_KEY_UIApplicationSupportsIndirectInputEvents = YES;
				INFOPLIST_KEY_UILaunchScreen_Generation = YES;
				INFOPLIST_KEY_UISupportedInterfaceOrientations = UIInterfaceOrientationPortrait;
				INFOPLIST_KEY_UISupportedInterfaceOrientations_iPad = "UIInterfaceOrientationPortrait UIInterfaceOrientationPortraitUpsideDown";
				LD_RUNPATH_SEARCH_PATHS = (
					"$(inherited)",
					"@executable_path/Frameworks",
				);
				MARKETING_VERSION = 1.0;
				PRODUCT_BUNDLE_IDENTIFIER = com.MohebST.CryptoApp;
				PRODUCT_NAME = "$(TARGET_NAME)";
				SWIFT_EMIT_LOC_STRINGS = YES;
				SWIFT_VERSION = 5.0;
				TARGETED_DEVICE_FAMILY = "1,2";
			};
			name = Debug;
		};
		2128BAAC2D1708F8009069BA /* Release */ = {
			isa = XCBuildConfiguration;
			buildSettings = {
				ASSETCATALOG_COMPILER_APPICON_NAME = AppIcon;
				ASSETCATALOG_COMPILER_GLOBAL_ACCENT_COLOR_NAME = AccentColor;
				CODE_SIGN_STYLE = Automatic;
				CURRENT_PROJECT_VERSION = 1;
				DEVELOPMENT_ASSET_PATHS = "\"CryptoApp/Preview Content\"";
				DEVELOPMENT_TEAM = J54CSRSNTY;
				ENABLE_PREVIEWS = YES;
				GENERATE_INFOPLIST_FILE = YES;
				INFOPLIST_KEY_CFBundleDisplayName = "Crypto tracker";
				INFOPLIST_KEY_UIApplicationSceneManifest_Generation = YES;
				INFOPLIST_KEY_UIApplicationSupportsIndirectInputEvents = YES;
				INFOPLIST_KEY_UILaunchScreen_Generation = YES;
				INFOPLIST_KEY_UISupportedInterfaceOrientations = UIInterfaceOrientationPortrait;
				INFOPLIST_KEY_UISupportedInterfaceOrientations_iPad = "UIInterfaceOrientationPortrait UIInterfaceOrientationPortraitUpsideDown";
				LD_RUNPATH_SEARCH_PATHS = (
					"$(inherited)",
					"@executable_path/Frameworks",
				);
				MARKETING_VERSION = 1.0;
				PRODUCT_BUNDLE_IDENTIFIER = com.MohebST.CryptoApp;
				PRODUCT_NAME = "$(TARGET_NAME)";
				SWIFT_EMIT_LOC_STRINGS = YES;
				SWIFT_VERSION = 5.0;
				TARGETED_DEVICE_FAMILY = "1,2";
			};
			name = Release;
		};
/* End XCBuildConfiguration section */

/* Begin XCConfigurationList section */
		2128BA972D1708F7009069BA /* Build configuration list for PBXProject "CryptoApp" */ = {
			isa = XCConfigurationList;
			buildConfigurations = (
				2128BAA82D1708F8009069BA /* Debug */,
				2128BAA92D1708F8009069BA /* Release */,
			);
			defaultConfigurationIsVisible = 0;
			defaultConfigurationName = Release;
		};
		2128BAAA2D1708F8009069BA /* Build configuration list for PBXNativeTarget "CryptoApp" */ = {
			isa = XCConfigurationList;
			buildConfigurations = (
				2128BAAB2D1708F8009069BA /* Debug */,
				2128BAAC2D1708F8009069BA /* Release */,
			);
			defaultConfigurationIsVisible = 0;
			defaultConfigurationName = Release;
		};
/* End XCConfigurationList section */
	};
	rootObject = 2128BA942D1708F7009069BA /* Project object */;
}
